{
  "version": 4,
  "terraform_version": "1.3.7",
  "serial": 37,
  "lineage": "7cba32b9-f3f7-4b16-31bd-6abdfae9d66b",
  "outputs": {
    "content-from-stringFile": {
      "value": "Amarjot Singh",
      "type": "string"
    },
    "filename-from-stringFile": {
      "value": "FullName.txt",
      "type": "string"
    }
  },
  "resources": [
    {
      "mode": "managed",
      "type": "local_file",
      "name": "BoolFile",
      "provider": "provider[\"registry.terraform.io/hashicorp/local\"]",
      "instances": [
        {
          "schema_version": 0,
          "attributes": {
            "content": "true",
            "content_base64": null,
            "directory_permission": "0777",
            "file_permission": "0777",
            "filename": "bool.txt",
            "id": "5ffe533b830f08a0326348a9160afafc8ada44db",
            "sensitive_content": null,
            "source": null
          },
          "sensitive_attributes": []
        }
      ]
    },
    {
      "mode": "managed",
      "type": "local_file",
      "name": "ListFile",
      "provider": "provider[\"registry.terraform.io/hashicorp/local\"]",
      "instances": [
        {
          "schema_version": 0,
          "attributes": {
            "content": "Favorate Color:   Yellow",
            "content_base64": null,
            "directory_permission": "0777",
            "file_permission": "0777",
            "filename": "FavorateColor.txt",
            "id": "7871cb701ff0d272659386ff02b196396b32a6a5",
            "sensitive_content": null,
            "source": null
          },
          "sensitive_attributes": []
        }
      ]
    },
    {
      "mode": "managed",
      "type": "local_file",
      "name": "MapFile",
      "provider": "provider[\"registry.terraform.io/hashicorp/local\"]",
      "instances": [
        {
          "schema_version": 0,
          "attributes": {
            "content": "Amarjot Singh \n I am Software Trainee at cloudEQ.",
            "content_base64": null,
            "directory_permission": "0777",
            "file_permission": "0777",
            "filename": "Details.txt",
            "id": "4002bf1c76359a50ea1d3d418bb4454b2f083553",
            "sensitive_content": null,
            "source": null
          },
          "sensitive_attributes": []
        }
      ]
    },
    {
      "mode": "managed",
      "type": "local_file",
      "name": "NumberFile",
      "provider": "provider[\"registry.terraform.io/hashicorp/local\"]",
      "instances": [
        {
          "schema_version": 0,
          "attributes": {
            "content": "508",
            "content_base64": null,
            "directory_permission": "0777",
            "file_permission": "0777",
            "filename": "EmpId.txt",
            "id": "07a85bd180d31c968e6dc5989ac4de434918dd41",
            "sensitive_content": null,
            "source": null
          },
          "sensitive_attributes": []
        }
      ]
    },
    {
      "mode": "managed",
      "type": "local_file",
      "name": "ObjectFile",
      "provider": "provider[\"registry.terraform.io/hashicorp/local\"]",
      "instances": [
        {
          "schema_version": 0,
          "attributes": {
            "content": "Bestech Bussiness Tower, Mohali, Phase  11",
            "content_base64": null,
            "directory_permission": "0777",
            "file_permission": "0777",
            "filename": "OfficeAddress.txt",
            "id": "b1280c4b95c92b7dc33fea7670a11fe6c1ba8b93",
            "sensitive_content": null,
            "source": null
          },
          "sensitive_attributes": []
        }
      ]
    },
    {
      "mode": "managed",
      "type": "local_file",
      "name": "file1",
      "provider": "provider[\"registry.terraform.io/hashicorp/local\"]",
      "instances": [
        {
          "schema_version": 0,
          "attributes": {
            "content": "Hello Everyone, Amar this side",
            "content_base64": null,
            "directory_permission": "0777",
            "file_permission": "0777",
            "filename": "MyIntro.txt",
            "id": "baa8e28d44a28f25aa9c5f260b9db22222ae08cc",
            "sensitive_content": null,
            "source": null
          },
          "sensitive_attributes": []
        }
      ]
    },
    {
      "mode": "managed",
      "type": "local_file",
      "name": "file2",
      "provider": "provider[\"registry.terraform.io/hashicorp/local\"]",
      "instances": [
        {
          "schema_version": 0,
          "attributes": {
            "content": "This is file2.",
            "content_base64": null,
            "directory_permission": "0777",
            "file_permission": "0777",
            "filename": "71af356fbc386505",
            "id": "7bfed53caf4a96b5d5a01bbef319b955b10a2bfc",
            "sensitive_content": null,
            "source": null
          },
          "sensitive_attributes": [],
          "dependencies": [
            "random_id.random-file-name"
          ]
        }
      ]
    },
    {
      "mode": "managed",
      "type": "local_file",
      "name": "stringFile",
      "provider": "provider[\"registry.terraform.io/hashicorp/local\"]",
      "instances": [
        {
          "schema_version": 0,
          "attributes": {
            "content": "Amarjot Singh",
            "content_base64": null,
            "directory_permission": "0777",
            "file_permission": "0777",
            "filename": "FullName.txt",
            "id": "3c699fb4116773fb3e222a40e43875ba44f634d2",
            "sensitive_content": null,
            "source": null
          },
          "sensitive_attributes": []
        }
      ]
    },
    {
      "mode": "managed",
      "type": "random_id",
      "name": "random-file-name",
      "provider": "provider[\"registry.terraform.io/hashicorp/random\"]",
      "instances": [
        {
          "schema_version": 0,
          "attributes": {
            "b64_std": "ca81b7w4ZQU=",
            "b64_url": "ca81b7w4ZQU",
            "byte_length": 8,
            "dec": "8191825001225676037",
            "hex": "71af356fbc386505",
            "id": "ca81b7w4ZQU",
            "keepers": null,
            "prefix": null
          },
          "sensitive_attributes": []
        }
      ]
    }
  ],
  "check_results": null
}
